<?xml version="1.0" encoding="utf-8"?>
<Project ToolsVersion="4.0" xmlns="http://schemas.microsoft.com/developer/msbuild/2003">
  <ItemGroup>
    <Filter Include="src">
      <UniqueIdentifier>{713bfc83-d689-4f50-8d82-cbc4427f1353}</UniqueIdentifier>
    </Filter>
    <Filter Include="src\GLUtil">
      <UniqueIdentifier>{712e43ab-f0d9-4303-a127-8f6e9a1ee049}</UniqueIdentifier>
    </Filter>
    <Filter Include="src\Shapes3D">
      <UniqueIdentifier>{eb378a22-0163-4abf-bb9c-53bfd1f30953}</UniqueIdentifier>
    </Filter>
    <Filter Include="src\Shapes2D">
      <UniqueIdentifier>{0db66925-22d3-48d2-9220-f3852ebb094e}</UniqueIdentifier>
    </Filter>
    <Filter Include="src\Common">
      <UniqueIdentifier>{5b111cde-83c1-4438-a9d0-46970f146d4d}</UniqueIdentifier>
    </Filter>
    <Filter Include="src\Common\IO">
      <UniqueIdentifier>{4578c1ff-53b3-4ba5-8f6c-9a257ef481cb}</UniqueIdentifier>
    </Filter>
    <Filter Include="src\Common\IO\ImageIO">
      <UniqueIdentifier>{42d199f9-093f-465d-a201-88c1b53e3455}</UniqueIdentifier>
    </Filter>
    <Filter Include="src\Common\IO\ImageIO\PNG">
      <UniqueIdentifier>{aa7e85bd-38a8-4584-8270-7b4eec1cbfbd}</UniqueIdentifier>
    </Filter>
    <Filter Include="src\Common\IO\ImageIO\PNG\libpng">
      <UniqueIdentifier>{43250d86-a63a-4067-803a-c4297c472faf}</UniqueIdentifier>
    </Filter>
    <Filter Include="src\Common\IO\ImageIO\PNG\zlib">
      <UniqueIdentifier>{441d3d5e-2c19-4cda-8a3a-8ad20b1483d6}</UniqueIdentifier>
    </Filter>
    <Filter Include="src\Common\IO\FileIO">
      <UniqueIdentifier>{1b9d37ea-a301-4d43-9b51-d229aa4daf04}</UniqueIdentifier>
    </Filter>
    <Filter Include="src\Common\Arrays">
      <UniqueIdentifier>{0840f106-1e9d-4d0a-9b6e-70acb632bc63}</UniqueIdentifier>
    </Filter>
    <Filter Include="src\Common\Geometry">
      <UniqueIdentifier>{1483ba95-2bd7-4a70-a2f2-791f483a7aad}</UniqueIdentifier>
    </Filter>
    <Filter Include="src\Common\IO\ModelIO">
      <UniqueIdentifier>{a9d4f5f1-f3c3-4012-952c-0bff17848587}</UniqueIdentifier>
    </Filter>
    <Filter Include="src\GLUtil\ShaderProgram">
      <UniqueIdentifier>{2c0508c8-68f3-4c20-a019-009e1cce05a5}</UniqueIdentifier>
    </Filter>
    <Filter Include="src\Common\Utils">
      <UniqueIdentifier>{209c6c40-802d-428c-818d-7a18b6073dd1}</UniqueIdentifier>
    </Filter>
    <Filter Include="src\GLUtil\Shaders">
      <UniqueIdentifier>{6783a40a-ab78-45ed-b973-e15d65101d2f}</UniqueIdentifier>
    </Filter>
    <Filter Include="src\GLUtil\Shaders\BasicShader">
      <UniqueIdentifier>{74fdfbdc-7820-4727-83c7-da8877792ef6}</UniqueIdentifier>
    </Filter>
    <Filter Include="src\GLUtil\Shaders\ColorShader">
      <UniqueIdentifier>{532a5af3-7006-4bd2-b083-f3a21ff6eb41}</UniqueIdentifier>
    </Filter>
    <Filter Include="src\GLUtil\Shaders\PBRShader">
      <UniqueIdentifier>{42f8c1da-c594-4ba8-944e-1eb3481e83c0}</UniqueIdentifier>
    </Filter>
    <Filter Include="src\GLUtil\Shaders\PhongShader">
      <UniqueIdentifier>{1078f26f-ef66-47ca-a334-f572c6a485ec}</UniqueIdentifier>
    </Filter>
    <Filter Include="src\SUI">
      <UniqueIdentifier>{9f1d084e-d39a-4dc0-b8b2-8dcd5cd900c4}</UniqueIdentifier>
    </Filter>
    <Filter Include="src\GLUtil\Shaders\UVShader">
      <UniqueIdentifier>{15e06e6d-a57e-483b-be07-2fd2af590567}</UniqueIdentifier>
    </Filter>
    <Filter Include="src\GLUtil\Shaders\PhongWithTextureShader">
      <UniqueIdentifier>{b7a07d71-67fa-4eb3-850c-64b92577d6ec}</UniqueIdentifier>
    </Filter>
    <Filter Include="src\GLUtil\Shaders\PBRWithTextureShader">
      <UniqueIdentifier>{8a99a816-b5a5-4f14-8c57-82cec3c00443}</UniqueIdentifier>
    </Filter>
    <Filter Include="src\Platform">
      <UniqueIdentifier>{a4585626-6016-4078-9bbe-46672fbdff00}</UniqueIdentifier>
    </Filter>
    <Filter Include="src\GLUtil\Shaders\CubeGeometryShader">
      <UniqueIdentifier>{ce12944b-6a96-48fc-885d-df6c3d6ef28f}</UniqueIdentifier>
    </Filter>
    <Filter Include="src\ParticleRenderer">
      <UniqueIdentifier>{832474e1-0c93-42e4-bd17-3c2eb6b033d1}</UniqueIdentifier>
    </Filter>
    <Filter Include="src\GLUtil\Shaders\SSAOGeometryPassShader">
      <UniqueIdentifier>{5e300681-4bc7-4301-9e6a-c7c384b832c9}</UniqueIdentifier>
    </Filter>
    <Filter Include="src\GLUtil\Shaders\SSAOShader">
      <UniqueIdentifier>{ff0b8c0c-3410-4f55-b054-1829b934f99b}</UniqueIdentifier>
    </Filter>
    <Filter Include="src\GLUtil\SSAO">
      <UniqueIdentifier>{29dfbb4e-b5fd-4dc4-933d-a068c66c901f}</UniqueIdentifier>
    </Filter>
    <Filter Include="src\glad">
      <UniqueIdentifier>{dda37be1-32a6-4217-825c-1cf0230b5160}</UniqueIdentifier>
    </Filter>
    <Filter Include="src\glad\include">
      <UniqueIdentifier>{eb47f2cf-4d0c-4457-89e8-66241098895b}</UniqueIdentifier>
    </Filter>
    <Filter Include="src\glad\src">
      <UniqueIdentifier>{2df38beb-982a-488c-8fcc-5c9cf744602b}</UniqueIdentifier>
    </Filter>
    <Filter Include="src\glad\include\glad">
      <UniqueIdentifier>{46a99242-9439-49bc-b8a1-49d87292625d}</UniqueIdentifier>
    </Filter>
    <Filter Include="src\glad\include\KHR">
      <UniqueIdentifier>{c29621c2-c46f-47ac-8abd-7714e20713a2}</UniqueIdentifier>
    </Filter>
    <Filter Include="src\GLUtil\Shaders\SSAOBlurShader">
      <UniqueIdentifier>{08162043-8b3d-4f8e-928b-824909766721}</UniqueIdentifier>
    </Filter>
    <Filter Include="src\GLUtil\Shaders\SSAOMapOverlayShader">
      <UniqueIdentifier>{15a8106d-0f95-4918-b726-6be4af28824f}</UniqueIdentifier>
    </Filter>
    <Filter Include="src\Modules">
      <UniqueIdentifier>{205d1eec-e7bf-4ae8-8a72-31a8bc35a3bb}</UniqueIdentifier>
    </Filter>
    <Filter Include="src\Modules\Demo">
      <UniqueIdentifier>{b83e9d4f-5ea9-42af-8473-cedb0337122f}</UniqueIdentifier>
    </Filter>
    <Filter Include="src\Modules\Demo\RenderDemo">
      <UniqueIdentifier>{608abfb1-dc08-4000-b4ad-e021eb4eae23}</UniqueIdentifier>
    </Filter>
    <Filter Include="src\Modules\Demo\ParticleDemo">
      <UniqueIdentifier>{3e744cc3-e638-47da-87c0-507c99bad708}</UniqueIdentifier>
    </Filter>
    <Filter Include="src\Modules\Demo\DemoUI">
      <UniqueIdentifier>{3eef91ea-e3b6-4e8e-a68a-5e718ac29f2f}</UniqueIdentifier>
    </Filter>
    <Filter Include="src\Modules\ECoatPost">
      <UniqueIdentifier>{d694ab01-5e0d-4b3a-8a6b-8711e266dcaf}</UniqueIdentifier>
    </Filter>
    <Filter Include="src\Common\IO\JSONIO">
      <UniqueIdentifier>{290365a5-d221-4186-a1d8-77b101cca38a}</UniqueIdentifier>
    </Filter>
    <Filter Include="src\Common\IO\JSONIO\json">
      <UniqueIdentifier>{02cfb8dd-68af-4381-89e9-74b2e5e3d08b}</UniqueIdentifier>
    </Filter>
  </ItemGroup>
  <ItemGroup>
    <ClCompile Include="src\main.cpp">
      <Filter>src</Filter>
    </ClCompile>
    <ClCompile Include="src\GLUtil\GLFBO.cpp">
      <Filter>src\GLUtil</Filter>
    </ClCompile>
    <ClCompile Include="src\GLUtil\GLMat.cpp">
      <Filter>src\GLUtil</Filter>
    </ClCompile>
    <ClCompile Include="src\GLUtil\GLTexture.cpp">
      <Filter>src\GLUtil</Filter>
    </ClCompile>
    <ClCompile Include="src\GLUtil\GLUtil.cpp">
      <Filter>src\GLUtil</Filter>
    </ClCompile>
    <ClCompile Include="src\Cam.cpp">
      <Filter>src</Filter>
    </ClCompile>
    <ClCompile Include="src\Floor.cpp">
      <Filter>src</Filter>
    </ClCompile>
    <ClCompile Include="src\Input.cpp">
      <Filter>src</Filter>
    </ClCompile>
    <ClCompile Include="src\GameLoop.cpp">
      <Filter>src</Filter>
    </ClCompile>
    <ClCompile Include="src\Shapes3D\Box.cpp">
      <Filter>src\Shapes3D</Filter>
    </ClCompile>
    <ClCompile Include="src\Shapes3D\Cone.cpp">
      <Filter>src\Shapes3D</Filter>
    </ClCompile>
    <ClCompile Include="src\Shapes3D\Cylinder.cpp">
      <Filter>src\Shapes3D</Filter>
    </ClCompile>
    <ClCompile Include="src\Shapes3D\Shape.cpp">
      <Filter>src\Shapes3D</Filter>
    </ClCompile>
    <ClCompile Include="src\Shapes3D\Sphere.cpp">
      <Filter>src\Shapes3D</Filter>
    </ClCompile>
    <ClCompile Include="src\Shapes2D\Triangle.cpp">
      <Filter>src\Shapes2D</Filter>
    </ClCompile>
    <ClCompile Include="src\Cam2D.cpp">
      <Filter>src</Filter>
    </ClCompile>
    <ClCompile Include="src\GLUtil\GLMemory.cpp">
      <Filter>src\GLUtil</Filter>
    </ClCompile>
    <ClCompile Include="src\Common\IO\ImageIO\PNG\PNGReadWrite.cpp">
      <Filter>src\Common\IO\ImageIO\PNG</Filter>
    </ClCompile>
    <ClCompile Include="src\Common\IO\ImageIO\PNG\libpng\png.c">
      <Filter>src\Common\IO\ImageIO\PNG\libpng</Filter>
    </ClCompile>
    <ClCompile Include="src\Common\IO\ImageIO\PNG\libpng\pngerror.c">
      <Filter>src\Common\IO\ImageIO\PNG\libpng</Filter>
    </ClCompile>
    <ClCompile Include="src\Common\IO\ImageIO\PNG\libpng\pngget.c">
      <Filter>src\Common\IO\ImageIO\PNG\libpng</Filter>
    </ClCompile>
    <ClCompile Include="src\Common\IO\ImageIO\PNG\libpng\pngmem.c">
      <Filter>src\Common\IO\ImageIO\PNG\libpng</Filter>
    </ClCompile>
    <ClCompile Include="src\Common\IO\ImageIO\PNG\libpng\pngpread.c">
      <Filter>src\Common\IO\ImageIO\PNG\libpng</Filter>
    </ClCompile>
    <ClCompile Include="src\Common\IO\ImageIO\PNG\libpng\pngread.c">
      <Filter>src\Common\IO\ImageIO\PNG\libpng</Filter>
    </ClCompile>
    <ClCompile Include="src\Common\IO\ImageIO\PNG\libpng\pngrio.c">
      <Filter>src\Common\IO\ImageIO\PNG\libpng</Filter>
    </ClCompile>
    <ClCompile Include="src\Common\IO\ImageIO\PNG\libpng\pngrtran.c">
      <Filter>src\Common\IO\ImageIO\PNG\libpng</Filter>
    </ClCompile>
    <ClCompile Include="src\Common\IO\ImageIO\PNG\libpng\pngrutil.c">
      <Filter>src\Common\IO\ImageIO\PNG\libpng</Filter>
    </ClCompile>
    <ClCompile Include="src\Common\IO\ImageIO\PNG\libpng\pngset.c">
      <Filter>src\Common\IO\ImageIO\PNG\libpng</Filter>
    </ClCompile>
    <ClCompile Include="src\Common\IO\ImageIO\PNG\libpng\pngtest.c">
      <Filter>src\Common\IO\ImageIO\PNG\libpng</Filter>
    </ClCompile>
    <ClCompile Include="src\Common\IO\ImageIO\PNG\libpng\pngtrans.c">
      <Filter>src\Common\IO\ImageIO\PNG\libpng</Filter>
    </ClCompile>
    <ClCompile Include="src\Common\IO\ImageIO\PNG\libpng\pngwio.c">
      <Filter>src\Common\IO\ImageIO\PNG\libpng</Filter>
    </ClCompile>
    <ClCompile Include="src\Common\IO\ImageIO\PNG\libpng\pngwrite.c">
      <Filter>src\Common\IO\ImageIO\PNG\libpng</Filter>
    </ClCompile>
    <ClCompile Include="src\Common\IO\ImageIO\PNG\libpng\pngwtran.c">
      <Filter>src\Common\IO\ImageIO\PNG\libpng</Filter>
    </ClCompile>
    <ClCompile Include="src\Common\IO\ImageIO\PNG\libpng\pngwutil.c">
      <Filter>src\Common\IO\ImageIO\PNG\libpng</Filter>
    </ClCompile>
    <ClCompile Include="src\Common\IO\ImageIO\PNG\zlib\adler32.c">
      <Filter>src\Common\IO\ImageIO\PNG\zlib</Filter>
    </ClCompile>
    <ClCompile Include="src\Common\IO\ImageIO\PNG\zlib\compress.c">
      <Filter>src\Common\IO\ImageIO\PNG\zlib</Filter>
    </ClCompile>
    <ClCompile Include="src\Common\IO\ImageIO\PNG\zlib\crc32.c">
      <Filter>src\Common\IO\ImageIO\PNG\zlib</Filter>
    </ClCompile>
    <ClCompile Include="src\Common\IO\ImageIO\PNG\zlib\deflate.c">
      <Filter>src\Common\IO\ImageIO\PNG\zlib</Filter>
    </ClCompile>
    <ClCompile Include="src\Common\IO\ImageIO\PNG\zlib\gzclose.c">
      <Filter>src\Common\IO\ImageIO\PNG\zlib</Filter>
    </ClCompile>
    <ClCompile Include="src\Common\IO\ImageIO\PNG\zlib\gzlib.c">
      <Filter>src\Common\IO\ImageIO\PNG\zlib</Filter>
    </ClCompile>
    <ClCompile Include="src\Common\IO\ImageIO\PNG\zlib\gzread.c">
      <Filter>src\Common\IO\ImageIO\PNG\zlib</Filter>
    </ClCompile>
    <ClCompile Include="src\Common\IO\ImageIO\PNG\zlib\gzwrite.c">
      <Filter>src\Common\IO\ImageIO\PNG\zlib</Filter>
    </ClCompile>
    <ClCompile Include="src\Common\IO\ImageIO\PNG\zlib\infback.c">
      <Filter>src\Common\IO\ImageIO\PNG\zlib</Filter>
    </ClCompile>
    <ClCompile Include="src\Common\IO\ImageIO\PNG\zlib\inffast.c">
      <Filter>src\Common\IO\ImageIO\PNG\zlib</Filter>
    </ClCompile>
    <ClCompile Include="src\Common\IO\ImageIO\PNG\zlib\inflate.c">
      <Filter>src\Common\IO\ImageIO\PNG\zlib</Filter>
    </ClCompile>
    <ClCompile Include="src\Common\IO\ImageIO\PNG\zlib\inftrees.c">
      <Filter>src\Common\IO\ImageIO\PNG\zlib</Filter>
    </ClCompile>
    <ClCompile Include="src\Common\IO\ImageIO\PNG\zlib\minigzip.c">
      <Filter>src\Common\IO\ImageIO\PNG\zlib</Filter>
    </ClCompile>
    <ClCompile Include="src\Common\IO\ImageIO\PNG\zlib\trees.c">
      <Filter>src\Common\IO\ImageIO\PNG\zlib</Filter>
    </ClCompile>
    <ClCompile Include="src\Common\IO\ImageIO\PNG\zlib\uncompr.c">
      <Filter>src\Common\IO\ImageIO\PNG\zlib</Filter>
    </ClCompile>
    <ClCompile Include="src\Common\IO\ImageIO\PNG\zlib\zutil.c">
      <Filter>src\Common\IO\ImageIO\PNG\zlib</Filter>
    </ClCompile>
    <ClCompile Include="src\Common\IO\FileIO\FileReader.cpp">
      <Filter>src\Common\IO\FileIO</Filter>
    </ClCompile>
    <ClCompile Include="src\Common\Arrays\FloatArray.cpp">
      <Filter>src\Common\Arrays</Filter>
    </ClCompile>
    <ClCompile Include="src\Common\Arrays\UIntArray.cpp">
      <Filter>src\Common\Arrays</Filter>
    </ClCompile>
    <ClCompile Include="src\Common\Arrays\ULongArray.cpp">
      <Filter>src\Common\Arrays</Filter>
    </ClCompile>
    <ClCompile Include="src\Common\Arrays\VoidPtrArray.cpp">
      <Filter>src\Common\Arrays</Filter>
    </ClCompile>
    <ClCompile Include="src\Common\Geometry\Line2D.cpp">
      <Filter>src\Common\Geometry</Filter>
    </ClCompile>
    <ClCompile Include="src\Common\Geometry\Triangle2D.cpp">
      <Filter>src\Common\Geometry</Filter>
    </ClCompile>
    <ClCompile Include="src\Common\ImageBuffer.cpp">
      <Filter>src\Common</Filter>
    </ClCompile>
    <ClCompile Include="src\Common\IO\ModelIO\BinaryObjReader.cpp">
      <Filter>src\Common\IO\ModelIO</Filter>
    </ClCompile>
    <ClCompile Include="src\Common\IO\ModelIO\ObjReader.cpp">
      <Filter>src\Common\IO\ModelIO</Filter>
    </ClCompile>
    <ClCompile Include="src\GLUtil\GLMeshRenderer.cpp">
      <Filter>src\GLUtil</Filter>
    </ClCompile>
    <ClCompile Include="src\GLUtil\ShaderProgram\ShaderProgram.cpp">
      <Filter>src\GLUtil\ShaderProgram</Filter>
    </ClCompile>
    <ClCompile Include="src\GLUtil\GLState.cpp">
      <Filter>src\GLUtil</Filter>
    </ClCompile>
    <ClCompile Include="src\Common\Utils\ScanLineUtils.cpp">
      <Filter>src\Common\Utils</Filter>
    </ClCompile>
    <ClCompile Include="src\Common\Utils\StringUtils.cpp">
      <Filter>src\Common\Utils</Filter>
    </ClCompile>
    <ClCompile Include="src\Common\Utils\BufferTransformUtils.cpp">
      <Filter>src\Common\Utils</Filter>
    </ClCompile>
    <ClCompile Include="src\Common\Utils\RandomColor.cpp">
      <Filter>src\Common\Utils</Filter>
    </ClCompile>
    <ClCompile Include="src\GLUtil\Shaders\BasicShader\BasicShader.cpp">
      <Filter>src\GLUtil\Shaders\BasicShader</Filter>
    </ClCompile>
    <ClCompile Include="src\GLUtil\Shaders\ColorShader\ColorShader.cpp">
      <Filter>src\GLUtil\Shaders\ColorShader</Filter>
    </ClCompile>
    <ClCompile Include="src\GLUtil\Shaders\PhongShader\PhongShader.cpp">
      <Filter>src\GLUtil\Shaders\PhongShader</Filter>
    </ClCompile>
    <ClCompile Include="src\GLUtil\Shaders\PBRShader\PBRShader.cpp">
      <Filter>src\GLUtil\Shaders\PBRShader</Filter>
    </ClCompile>
    <ClCompile Include="src\SUI\SUI.cpp">
      <Filter>src\SUI</Filter>
    </ClCompile>
    <ClCompile Include="src\SUI\SUIBatch.cpp">
      <Filter>src\SUI</Filter>
    </ClCompile>
    <ClCompile Include="src\SUI\SUIBox.cpp">
      <Filter>src\SUI</Filter>
    </ClCompile>
    <ClCompile Include="src\SUI\SUIButton.cpp">
      <Filter>src\SUI</Filter>
    </ClCompile>
    <ClCompile Include="src\SUI\SUICheckBox.cpp">
      <Filter>src\SUI</Filter>
    </ClCompile>
    <ClCompile Include="src\SUI\SUIChoice.cpp">
      <Filter>src\SUI</Filter>
    </ClCompile>
    <ClCompile Include="src\SUI\SUIComponent.cpp">
      <Filter>src\SUI</Filter>
    </ClCompile>
    <ClCompile Include="src\SUI\SUIFont.cpp">
      <Filter>src\SUI</Filter>
    </ClCompile>
    <ClCompile Include="src\SUI\SUIFrame.cpp">
      <Filter>src\SUI</Filter>
    </ClCompile>
    <ClCompile Include="src\SUI\SUIInput.cpp">
      <Filter>src\SUI</Filter>
    </ClCompile>
    <ClCompile Include="src\SUI\SUIKeyCombi.cpp">
      <Filter>src\SUI</Filter>
    </ClCompile>
    <ClCompile Include="src\SUI\SUILabel.cpp">
      <Filter>src\SUI</Filter>
    </ClCompile>
    <ClCompile Include="src\SUI\SUIList.cpp">
      <Filter>src\SUI</Filter>
    </ClCompile>
    <ClCompile Include="src\SUI\SUIManager.cpp">
      <Filter>src\SUI</Filter>
    </ClCompile>
    <ClCompile Include="src\SUI\SUIRadioButton.cpp">
      <Filter>src\SUI</Filter>
    </ClCompile>
    <ClCompile Include="src\SUI\SUIRect.cpp">
      <Filter>src\SUI</Filter>
    </ClCompile>
    <ClCompile Include="src\SUI\SUIScroller.cpp">
      <Filter>src\SUI</Filter>
    </ClCompile>
    <ClCompile Include="src\SUI\SUISlider.cpp">
      <Filter>src\SUI</Filter>
    </ClCompile>
    <ClCompile Include="src\SUI\SUITextField.cpp">
      <Filter>src\SUI</Filter>
    </ClCompile>
    <ClCompile Include="src\GLUtil\Shaders\UVShader\UVShader.cpp">
      <Filter>src\GLUtil\Shaders\UVShader</Filter>
    </ClCompile>
    <ClCompile Include="src\GLUtil\GLBatch.cpp">
      <Filter>src\GLUtil</Filter>
    </ClCompile>
    <ClCompile Include="src\GLUtil\Shaders\PhongWithTextureShader\PhongWithTextureShader.cpp">
      <Filter>src\GLUtil\Shaders\PhongWithTextureShader</Filter>
    </ClCompile>
    <ClCompile Include="src\GLUtil\Shaders\PBRWithTextureShader\PBRWithTextureShader.cpp">
      <Filter>src\GLUtil\Shaders\PBRWithTextureShader</Filter>
    </ClCompile>
    <ClCompile Include="src\Common\Utils\MathUtils.cpp">
      <Filter>src\Common\Utils</Filter>
    </ClCompile>
    <ClCompile Include="src\GLUtil\GLBufferBuilder.cpp">
      <Filter>src\GLUtil</Filter>
    </ClCompile>
    <ClCompile Include="src\GLUtil\Shaders\CubeGeometryShader\CubeGeometryShader.cpp">
      <Filter>src\GLUtil\Shaders\CubeGeometryShader</Filter>
    </ClCompile>
    <ClCompile Include="src\ParticleRenderer\ParticleRenderer.cpp">
      <Filter>src\ParticleRenderer</Filter>
    </ClCompile>
    <ClCompile Include="src\Platform\Platform.cpp">
      <Filter>src\Platform</Filter>
    </ClCompile>
    <ClCompile Include="src\GLUtil\Shaders\SSAOGeometryPassShader\SSAOGeometryPassShader.cpp">
      <Filter>src\GLUtil\Shaders\SSAOGeometryPassShader</Filter>
    </ClCompile>
    <ClCompile Include="src\GLUtil\Shaders\SSAOShader\SSAOShader.cpp">
      <Filter>src\GLUtil\Shaders\SSAOShader</Filter>
    </ClCompile>
    <ClCompile Include="src\GLUtil\SSAO\GLSSAOBufferBuilder.cpp">
      <Filter>src\GLUtil\SSAO</Filter>
    </ClCompile>
    <ClCompile Include="glad\src\glad.c">
      <Filter>src\glad\src</Filter>
    </ClCompile>
    <ClCompile Include="src\GLUtil\SSAO\GLSSAO.cpp">
      <Filter>src\GLUtil\SSAO</Filter>
    </ClCompile>
    <ClCompile Include="src\GLUtil\Shaders\SSAOBlurShader\SSAOBlurShader.cpp">
      <Filter>src\GLUtil\Shaders\SSAOBlurShader</Filter>
    </ClCompile>
    <ClCompile Include="src\Common\IO\ModelIO\STLReader.cpp">
      <Filter>src\Common\IO\ModelIO</Filter>
    </ClCompile>
    <ClCompile Include="src\GLUtil\Shaders\SSAOMapOverlayShader\SSAOMapOverlayShader.cpp">
      <Filter>src\GLUtil\Shaders\SSAOMapOverlayShader</Filter>
    </ClCompile>
    <ClCompile Include="src\Common\Utils\AABB.cpp">
      <Filter>src\Common\Utils</Filter>
    </ClCompile>
    <ClCompile Include="src\GLUtil\ShaderProgram\ShaderProgramsManager.cpp">
      <Filter>src\GLUtil\ShaderProgram</Filter>
    </ClCompile>
    <ClCompile Include="src\GLUtil\Shaders\ShaderCreator.cpp">
      <Filter>src\GLUtil\Shaders</Filter>
    </ClCompile>
    <ClCompile Include="src\Common\IO\ModelIO\BaseModelIO.cpp">
      <Filter>src\Common\IO\ModelIO</Filter>
    </ClCompile>
    <ClCompile Include="src\GLUtil\GLMeshManager.cpp">
      <Filter>src\GLUtil</Filter>
    </ClCompile>
    <ClCompile Include="src\Modules\ModulesManager.cpp">
      <Filter>src\Modules</Filter>
    </ClCompile>
    <ClCompile Include="src\Modules\Demo\Demo.cpp">
      <Filter>src\Modules\Demo</Filter>
    </ClCompile>
    <ClCompile Include="src\Modules\Demo\RenderDemo\RenderDemo.cpp">
      <Filter>src\Modules\Demo\RenderDemo</Filter>
    </ClCompile>
    <ClCompile Include="src\Modules\Demo\ParticlesDemo\ParticlesDemo.cpp">
      <Filter>src\Modules\Demo\ParticleDemo</Filter>
    </ClCompile>
    <ClCompile Include="src\Modules\Demo\DemoUI\FloorVisibilityFrame.cpp">
      <Filter>src\Modules\Demo\DemoUI</Filter>
    </ClCompile>
    <ClCompile Include="src\Modules\Demo\DemoUI\ModelSelectionFrame.cpp">
      <Filter>src\Modules\Demo\DemoUI</Filter>
    </ClCompile>
    <ClCompile Include="src\Modules\Demo\DemoUI\ModelVisibilityFrame.cpp">
      <Filter>src\Modules\Demo\DemoUI</Filter>
    </ClCompile>
    <ClCompile Include="src\Modules\Demo\DemoUI\ShaderFrame.cpp">
      <Filter>src\Modules\Demo\DemoUI</Filter>
    </ClCompile>
    <ClCompile Include="src\Modules\Demo\DemoUI\WholeWindowFrame.cpp">
      <Filter>src\Modules\Demo\DemoUI</Filter>
    </ClCompile>
    <ClCompile Include="src\Modules\ECoatPost\ECoatPost.cpp">
      <Filter>src\Modules\ECoatPost</Filter>
    </ClCompile>
    <ClCompile Include="src\Modules\ECoatPost\TimeLineFrame.cpp">
      <Filter>src\Modules\ECoatPost</Filter>
    </ClCompile>
    <ClCompile Include="src\Modules\ECoatPost\ECoatResultReader.cpp">
      <Filter>src\Modules\ECoatPost</Filter>
    </ClCompile>
    <ClCompile Include="src\Modules\ECoatPost\ECoatAssetsReader.cpp">
      <Filter>src\Modules\ECoatPost</Filter>
    </ClCompile>
    <ClCompile Include="src\Common\IO\JSONIO\json_reader.cpp">
      <Filter>src\Common\IO\JSONIO</Filter>
    </ClCompile>
    <ClCompile Include="src\Common\IO\JSONIO\json_value.cpp">
      <Filter>src\Common\IO\JSONIO</Filter>
    </ClCompile>
    <ClCompile Include="src\Common\IO\JSONIO\json_writer.cpp">
      <Filter>src\Common\IO\JSONIO</Filter>
    </ClCompile>
    <ClCompile Include="src\Modules\ECoatPost\ECoatColorBar.cpp">
      <Filter>src\Modules\ECoatPost</Filter>
    </ClCompile>
    <ClCompile Include="src\Modules\ECoatPost\ECoatAssetsBuilder.cpp">
      <Filter>src\Modules\ECoatPost</Filter>
    </ClCompile>
    <ClCompile Include="src\Modules\ECoatPost\ContourMap.cpp">
      <Filter>src\Modules\ECoatPost</Filter>
    </ClCompile>
  </ItemGroup>
  <ItemGroup>
    <ClInclude Include="src\GLUtil\GLFBO.h">
      <Filter>src\GLUtil</Filter>
    </ClInclude>
    <ClInclude Include="src\GLUtil\GLMat.h">
      <Filter>src\GLUtil</Filter>
    </ClInclude>
    <ClInclude Include="src\GLUtil\GLTexture.h">
      <Filter>src\GLUtil</Filter>
    </ClInclude>
    <ClInclude Include="src\GLUtil\GLUtil.h">
      <Filter>src\GLUtil</Filter>
    </ClInclude>
    <ClInclude Include="src\Cam.h">
      <Filter>src</Filter>
    </ClInclude>
    <ClInclude Include="src\Floor.h">
      <Filter>src</Filter>
    </ClInclude>
    <ClInclude Include="src\Input.h">
      <Filter>src</Filter>
    </ClInclude>
    <ClInclude Include="src\GameLoop.h">
      <Filter>src</Filter>
    </ClInclude>
    <ClInclude Include="src\Shapes3D\Box.h">
      <Filter>src\Shapes3D</Filter>
    </ClInclude>
    <ClInclude Include="src\Shapes3D\Cone.h">
      <Filter>src\Shapes3D</Filter>
    </ClInclude>
    <ClInclude Include="src\Shapes3D\Cylinder.h">
      <Filter>src\Shapes3D</Filter>
    </ClInclude>
    <ClInclude Include="src\Shapes3D\Shape.h">
      <Filter>src\Shapes3D</Filter>
    </ClInclude>
    <ClInclude Include="src\Shapes3D\Sphere.h">
      <Filter>src\Shapes3D</Filter>
    </ClInclude>
    <ClInclude Include="src\Shapes2D\Triangle.h">
      <Filter>src\Shapes2D</Filter>
    </ClInclude>
    <ClInclude Include="src\Cam2D.h">
      <Filter>src</Filter>
    </ClInclude>
    <ClInclude Include="src\GLUtil\GLMemory.h">
      <Filter>src\GLUtil</Filter>
    </ClInclude>
    <ClInclude Include="src\Common\IO\ImageIO\PNG\PNGReadWrite.h">
      <Filter>src\Common\IO\ImageIO\PNG</Filter>
    </ClInclude>
    <ClInclude Include="src\Common\IO\ImageIO\PNG\libpng\png.h">
      <Filter>src\Common\IO\ImageIO\PNG\libpng</Filter>
    </ClInclude>
    <ClInclude Include="src\Common\IO\ImageIO\PNG\libpng\pngconf.h">
      <Filter>src\Common\IO\ImageIO\PNG\libpng</Filter>
    </ClInclude>
    <ClInclude Include="src\Common\IO\ImageIO\PNG\libpng\pngpriv.h">
      <Filter>src\Common\IO\ImageIO\PNG\libpng</Filter>
    </ClInclude>
    <ClInclude Include="src\Common\IO\ImageIO\PNG\zlib\crc32.h">
      <Filter>src\Common\IO\ImageIO\PNG\zlib</Filter>
    </ClInclude>
    <ClInclude Include="src\Common\IO\ImageIO\PNG\zlib\deflate.h">
      <Filter>src\Common\IO\ImageIO\PNG\zlib</Filter>
    </ClInclude>
    <ClInclude Include="src\Common\IO\ImageIO\PNG\zlib\gzguts.h">
      <Filter>src\Common\IO\ImageIO\PNG\zlib</Filter>
    </ClInclude>
    <ClInclude Include="src\Common\IO\ImageIO\PNG\zlib\inffast.h">
      <Filter>src\Common\IO\ImageIO\PNG\zlib</Filter>
    </ClInclude>
    <ClInclude Include="src\Common\IO\ImageIO\PNG\zlib\inffixed.h">
      <Filter>src\Common\IO\ImageIO\PNG\zlib</Filter>
    </ClInclude>
    <ClInclude Include="src\Common\IO\ImageIO\PNG\zlib\inflate.h">
      <Filter>src\Common\IO\ImageIO\PNG\zlib</Filter>
    </ClInclude>
    <ClInclude Include="src\Common\IO\ImageIO\PNG\zlib\inftrees.h">
      <Filter>src\Common\IO\ImageIO\PNG\zlib</Filter>
    </ClInclude>
    <ClInclude Include="src\Common\IO\ImageIO\PNG\zlib\trees.h">
      <Filter>src\Common\IO\ImageIO\PNG\zlib</Filter>
    </ClInclude>
    <ClInclude Include="src\Common\IO\ImageIO\PNG\zlib\zconf.h">
      <Filter>src\Common\IO\ImageIO\PNG\zlib</Filter>
    </ClInclude>
    <ClInclude Include="src\Common\IO\ImageIO\PNG\zlib\zlib.h">
      <Filter>src\Common\IO\ImageIO\PNG\zlib</Filter>
    </ClInclude>
    <ClInclude Include="src\Common\IO\ImageIO\PNG\zlib\zutil.h">
      <Filter>src\Common\IO\ImageIO\PNG\zlib</Filter>
    </ClInclude>
    <ClInclude Include="src\Common\IO\FileIO\FileReader.h">
      <Filter>src\Common\IO\FileIO</Filter>
    </ClInclude>
    <ClInclude Include="src\Common\Arrays\FloatArray.h">
      <Filter>src\Common\Arrays</Filter>
    </ClInclude>
    <ClInclude Include="src\Common\Arrays\UIntArray.h">
      <Filter>src\Common\Arrays</Filter>
    </ClInclude>
    <ClInclude Include="src\Common\Arrays\ULongArray.h">
      <Filter>src\Common\Arrays</Filter>
    </ClInclude>
    <ClInclude Include="src\Common\Arrays\VoidPtrArray.h">
      <Filter>src\Common\Arrays</Filter>
    </ClInclude>
    <ClInclude Include="src\Common\Geometry\Line2D.h">
      <Filter>src\Common\Geometry</Filter>
    </ClInclude>
    <ClInclude Include="src\Common\Geometry\Triangle2D.h">
      <Filter>src\Common\Geometry</Filter>
    </ClInclude>
    <ClInclude Include="src\Common\ImageBuffer.h">
      <Filter>src\Common</Filter>
    </ClInclude>
    <ClInclude Include="src\Common\IO\ModelIO\BinaryObjReader.h">
      <Filter>src\Common\IO\ModelIO</Filter>
    </ClInclude>
    <ClInclude Include="src\Common\IO\ModelIO\ObjReader.h">
      <Filter>src\Common\IO\ModelIO</Filter>
    </ClInclude>
    <ClInclude Include="src\GLUtil\GLMeshRenderer.h">
      <Filter>src\GLUtil</Filter>
    </ClInclude>
    <ClInclude Include="src\GLUtil\ShaderProgram\ShaderProgram.h">
      <Filter>src\GLUtil\ShaderProgram</Filter>
    </ClInclude>
    <ClInclude Include="src\GLUtil\GLState.h">
      <Filter>src\GLUtil</Filter>
    </ClInclude>
    <ClInclude Include="src\Common\Utils\ScanLineUtils.h">
      <Filter>src\Common\Utils</Filter>
    </ClInclude>
    <ClInclude Include="src\Common\Utils\StringUtils.h">
      <Filter>src\Common\Utils</Filter>
    </ClInclude>
    <ClInclude Include="src\Common\Utils\BufferTransformUtils.h">
      <Filter>src\Common\Utils</Filter>
    </ClInclude>
    <ClInclude Include="src\Common\Utils\RandomColor.h">
      <Filter>src\Common\Utils</Filter>
    </ClInclude>
    <ClInclude Include="src\GLUtil\Shaders\BasicShader\BasicShader.h">
      <Filter>src\GLUtil\Shaders\BasicShader</Filter>
    </ClInclude>
    <ClInclude Include="src\GLUtil\Shaders\ColorShader\ColorShader.h">
      <Filter>src\GLUtil\Shaders\ColorShader</Filter>
    </ClInclude>
    <ClInclude Include="src\GLUtil\Shaders\PhongShader\PhongShader.h">
      <Filter>src\GLUtil\Shaders\PhongShader</Filter>
    </ClInclude>
    <ClInclude Include="src\GLUtil\Shaders\PBRShader\PBRShader.h">
      <Filter>src\GLUtil\Shaders\PBRShader</Filter>
    </ClInclude>
    <ClInclude Include="src\GLUtil\Shaders\Shader.h">
      <Filter>src\GLUtil\Shaders</Filter>
    </ClInclude>
    <ClInclude Include="src\SUI\SUI.h">
      <Filter>src\SUI</Filter>
    </ClInclude>
    <ClInclude Include="src\SUI\SUIActionEvent.h">
      <Filter>src\SUI</Filter>
    </ClInclude>
    <ClInclude Include="src\SUI\SUIActionListener.h">
      <Filter>src\SUI</Filter>
    </ClInclude>
    <ClInclude Include="src\SUI\SUIBatch.h">
      <Filter>src\SUI</Filter>
    </ClInclude>
    <ClInclude Include="src\SUI\SUIBox.h">
      <Filter>src\SUI</Filter>
    </ClInclude>
    <ClInclude Include="src\SUI\SUIButton.h">
      <Filter>src\SUI</Filter>
    </ClInclude>
    <ClInclude Include="src\SUI\SUICheckBox.h">
      <Filter>src\SUI</Filter>
    </ClInclude>
    <ClInclude Include="src\SUI\SUIChoice.h">
      <Filter>src\SUI</Filter>
    </ClInclude>
    <ClInclude Include="src\SUI\SUIComponent.h">
      <Filter>src\SUI</Filter>
    </ClInclude>
    <ClInclude Include="src\SUI\SUIEvents.h">
      <Filter>src\SUI</Filter>
    </ClInclude>
    <ClInclude Include="src\SUI\SUIFont.h">
      <Filter>src\SUI</Filter>
    </ClInclude>
    <ClInclude Include="src\SUI\SUIFrame.h">
      <Filter>src\SUI</Filter>
    </ClInclude>
    <ClInclude Include="src\SUI\SUIIncludes.h">
      <Filter>src\SUI</Filter>
    </ClInclude>
    <ClInclude Include="src\SUI\SUIInput.h">
      <Filter>src\SUI</Filter>
    </ClInclude>
    <ClInclude Include="src\SUI\SUIKeyCombi.h">
      <Filter>src\SUI</Filter>
    </ClInclude>
    <ClInclude Include="src\SUI\SUILabel.h">
      <Filter>src\SUI</Filter>
    </ClInclude>
    <ClInclude Include="src\SUI\SUIList.h">
      <Filter>src\SUI</Filter>
    </ClInclude>
    <ClInclude Include="src\SUI\SUIManager.h">
      <Filter>src\SUI</Filter>
    </ClInclude>
    <ClInclude Include="src\SUI\SUIMouseEvent.h">
      <Filter>src\SUI</Filter>
    </ClInclude>
    <ClInclude Include="src\SUI\SUIMouseListener.h">
      <Filter>src\SUI</Filter>
    </ClInclude>
    <ClInclude Include="src\SUI\SUIRadioButton.h">
      <Filter>src\SUI</Filter>
    </ClInclude>
    <ClInclude Include="src\SUI\SUIRect.h">
      <Filter>src\SUI</Filter>
    </ClInclude>
    <ClInclude Include="src\SUI\SUIScroller.h">
      <Filter>src\SUI</Filter>
    </ClInclude>
    <ClInclude Include="src\SUI\SUISlider.h">
      <Filter>src\SUI</Filter>
    </ClInclude>
    <ClInclude Include="src\SUI\SUITextField.h">
      <Filter>src\SUI</Filter>
    </ClInclude>
    <ClInclude Include="src\GLUtil\Shaders\UVShader\UVShader.h">
      <Filter>src\GLUtil\Shaders\UVShader</Filter>
    </ClInclude>
    <ClInclude Include="src\GLUtil\GLBatch.h">
      <Filter>src\GLUtil</Filter>
    </ClInclude>
    <ClInclude Include="src\GLUtil\Shaders\PhongWithTextureShader\PhongWithTextureShader.h">
      <Filter>src\GLUtil\Shaders\PhongWithTextureShader</Filter>
    </ClInclude>
    <ClInclude Include="src\GLUtil\Shaders\PBRWithTextureShader\PBRWithTextureShader.h">
      <Filter>src\GLUtil\Shaders\PBRWithTextureShader</Filter>
    </ClInclude>
    <ClInclude Include="src\Common\Utils\MathUtils.h">
      <Filter>src\Common\Utils</Filter>
    </ClInclude>
    <ClInclude Include="src\GLUtil\GLInclude.h">
      <Filter>src\GLUtil</Filter>
    </ClInclude>
    <ClInclude Include="src\GLUtil\GLBufferBuilder.h">
      <Filter>src\GLUtil</Filter>
    </ClInclude>
    <ClInclude Include="src\GLUtil\Shaders\CubeGeometryShader\CubeGeometryShader.h">
      <Filter>src\GLUtil\Shaders\CubeGeometryShader</Filter>
    </ClInclude>
    <ClInclude Include="src\ParticleRenderer\ParticleRenderer.h">
      <Filter>src\ParticleRenderer</Filter>
    </ClInclude>
    <ClInclude Include="src\Platform\Platform.h">
      <Filter>src\Platform</Filter>
    </ClInclude>
    <ClInclude Include="src\GLUtil\Shaders\SSAOGeometryPassShader\SSAOGeometryPassShader.h">
      <Filter>src\GLUtil\Shaders\SSAOGeometryPassShader</Filter>
    </ClInclude>
    <ClInclude Include="src\GLUtil\Shaders\SSAOShader\SSAOShader.h">
      <Filter>src\GLUtil\Shaders\SSAOShader</Filter>
    </ClInclude>
    <ClInclude Include="src\GLUtil\SSAO\GLSSAOBufferBuilder.h">
      <Filter>src\GLUtil\SSAO</Filter>
    </ClInclude>
    <ClInclude Include="glad\include\glad\glad.h">
      <Filter>src\glad\include\glad</Filter>
    </ClInclude>
    <ClInclude Include="glad\include\KHR\khrplatform.h">
      <Filter>src\glad\include\KHR</Filter>
    </ClInclude>
    <ClInclude Include="src\GLUtil\SSAO\GLSSAO.h">
      <Filter>src\GLUtil\SSAO</Filter>
    </ClInclude>
    <ClInclude Include="src\GLUtil\Shaders\SSAOBlurShader\SSAOBlurShader.h">
      <Filter>src\GLUtil\Shaders\SSAOBlurShader</Filter>
    </ClInclude>
    <ClInclude Include="src\Common\IO\ModelIO\STLReader.h">
      <Filter>src\Common\IO\ModelIO</Filter>
    </ClInclude>
    <ClInclude Include="src\GLUtil\Shaders\SSAOMapOverlayShader\SSAOMapOverlayShader.h">
      <Filter>src\GLUtil\Shaders\SSAOMapOverlayShader</Filter>
    </ClInclude>
    <ClInclude Include="src\Common\Utils\AABB.h">
      <Filter>src\Common\Utils</Filter>
    </ClInclude>
    <ClInclude Include="src\GLUtil\ShaderProgram\ShaderProgramsManager.h">
      <Filter>src\GLUtil\ShaderProgram</Filter>
    </ClInclude>
    <ClInclude Include="src\GLUtil\Shaders\ShaderCreator.h">
      <Filter>src\GLUtil\Shaders</Filter>
    </ClInclude>
    <ClInclude Include="src\Common\IO\ModelIO\BaseModelIO.h">
      <Filter>src\Common\IO\ModelIO</Filter>
    </ClInclude>
    <ClInclude Include="src\GLUtil\GLMeshManager.h">
      <Filter>src\GLUtil</Filter>
    </ClInclude>
    <ClInclude Include="src\Modules\ModulesManager.h">
      <Filter>src\Modules</Filter>
    </ClInclude>
    <ClInclude Include="src\Modules\Module.h">
      <Filter>src\Modules</Filter>
    </ClInclude>
    <ClInclude Include="src\Modules\Demo\Demo.h">
      <Filter>src\Modules\Demo</Filter>
    </ClInclude>
    <ClInclude Include="src\Modules\Demo\RenderDemo\RenderDemo.h">
      <Filter>src\Modules\Demo\RenderDemo</Filter>
    </ClInclude>
    <ClInclude Include="src\Modules\Demo\ParticlesDemo\ParticlesDemo.h">
      <Filter>src\Modules\Demo\ParticleDemo</Filter>
    </ClInclude>
    <ClInclude Include="src\Modules\Demo\DemoUI\FloorVisibilityFrame.h">
      <Filter>src\Modules\Demo\DemoUI</Filter>
    </ClInclude>
    <ClInclude Include="src\Modules\Demo\DemoUI\ModelSelectionFrame.h">
      <Filter>src\Modules\Demo\DemoUI</Filter>
    </ClInclude>
    <ClInclude Include="src\Modules\Demo\DemoUI\ModelVisibilityFrame.h">
      <Filter>src\Modules\Demo\DemoUI</Filter>
    </ClInclude>
    <ClInclude Include="src\Modules\Demo\DemoUI\ShaderFrame.h">
      <Filter>src\Modules\Demo\DemoUI</Filter>
    </ClInclude>
    <ClInclude Include="src\Modules\Demo\DemoUI\WholeWindowFrame.h">
      <Filter>src\Modules\Demo\DemoUI</Filter>
    </ClInclude>
    <ClInclude Include="src\Modules\ECoatPost\ECoatPost.h">
      <Filter>src\Modules\ECoatPost</Filter>
    </ClInclude>
    <ClInclude Include="src\Modules\ECoatPost\TimeLineFrame.h">
      <Filter>src\Modules\ECoatPost</Filter>
    </ClInclude>
    <ClInclude Include="src\Modules\ECoatPost\ECoatResultReader.h">
      <Filter>src\Modules\ECoatPost</Filter>
    </ClInclude>
    <ClInclude Include="src\Modules\ECoatPost\ECoatAssetsReader.h">
      <Filter>src\Modules\ECoatPost</Filter>
    </ClInclude>
    <ClInclude Include="src\Common\IO\JSONIO\json_batchallocator.h">
      <Filter>src\Common\IO\JSONIO</Filter>
    </ClInclude>
    <ClInclude Include="src\Common\IO\JSONIO\json\autolink.h">
      <Filter>src\Common\IO\JSONIO\json</Filter>
    </ClInclude>
    <ClInclude Include="src\Common\IO\JSONIO\json\config.h">
      <Filter>src\Common\IO\JSONIO\json</Filter>
    </ClInclude>
    <ClInclude Include="src\Common\IO\JSONIO\json\features.h">
      <Filter>src\Common\IO\JSONIO\json</Filter>
    </ClInclude>
    <ClInclude Include="src\Common\IO\JSONIO\json\forwards.h">
      <Filter>src\Common\IO\JSONIO\json</Filter>
    </ClInclude>
    <ClInclude Include="src\Common\IO\JSONIO\json\json.h">
      <Filter>src\Common\IO\JSONIO\json</Filter>
    </ClInclude>
    <ClInclude Include="src\Common\IO\JSONIO\json\reader.h">
      <Filter>src\Common\IO\JSONIO\json</Filter>
    </ClInclude>
    <ClInclude Include="src\Common\IO\JSONIO\json\value.h">
      <Filter>src\Common\IO\JSONIO\json</Filter>
    </ClInclude>
    <ClInclude Include="src\Common\IO\JSONIO\json\writer.h">
      <Filter>src\Common\IO\JSONIO\json</Filter>
    </ClInclude>
    <ClInclude Include="src\Modules\ECoatPost\ECoatColorBar.h">
      <Filter>src\Modules\ECoatPost</Filter>
    </ClInclude>
    <ClInclude Include="src\Modules\ECoatPost\ECoatAssetsBuilder.h">
      <Filter>src\Modules\ECoatPost</Filter>
    </ClInclude>
    <ClInclude Include="src\Modules\ECoatPost\ContourMap.h">
      <Filter>src\Modules\ECoatPost</Filter>
    </ClInclude>
  </ItemGroup>
  <ItemGroup>
    <None Include="src\Common\IO\JSONIO\json_internalarray.inl">
      <Filter>src\Common\IO\JSONIO</Filter>
    </None>
    <None Include="src\Common\IO\JSONIO\json_internalmap.inl">
      <Filter>src\Common\IO\JSONIO</Filter>
    </None>
    <None Include="src\Common\IO\JSONIO\json_valueiterator.inl">
      <Filter>src\Common\IO\JSONIO</Filter>
    </None>
  </ItemGroup>
</Project>