<?xml version="1.0" encoding="utf-8"?>
<Project ToolsVersion="4.0" xmlns="http://schemas.microsoft.com/developer/msbuild/2003">
  <ItemGroup>
    <Filter Include="src">
      <UniqueIdentifier>{713bfc83-d689-4f50-8d82-cbc4427f1353}</UniqueIdentifier>
    </Filter>
    <Filter Include="src\Math">
      <UniqueIdentifier>{fab59555-e2c2-4387-9d84-59efcee75297}</UniqueIdentifier>
    </Filter>
    <Filter Include="src\GLUtil">
      <UniqueIdentifier>{712e43ab-f0d9-4303-a127-8f6e9a1ee049}</UniqueIdentifier>
    </Filter>
    <Filter Include="src\glew">
      <UniqueIdentifier>{db46c4aa-3a21-4613-b08c-482f97d5b395}</UniqueIdentifier>
    </Filter>
    <Filter Include="src\glew\include">
      <UniqueIdentifier>{1e52c67f-cdaf-42ec-80d7-077994aa8d5f}</UniqueIdentifier>
    </Filter>
    <Filter Include="src\glew\source">
      <UniqueIdentifier>{594cab06-661c-4e9d-990e-ced5a33ab06a}</UniqueIdentifier>
    </Filter>
    <Filter Include="src\Util">
      <UniqueIdentifier>{185a35b1-5272-4410-80dc-70c5b00da491}</UniqueIdentifier>
    </Filter>
    <Filter Include="src\Shapes3D">
      <UniqueIdentifier>{eb378a22-0163-4abf-bb9c-53bfd1f30953}</UniqueIdentifier>
    </Filter>
    <Filter Include="src\Shapes2D">
      <UniqueIdentifier>{0db66925-22d3-48d2-9220-f3852ebb094e}</UniqueIdentifier>
    </Filter>
    <Filter Include="src\GLUtil\PhongShader">
      <UniqueIdentifier>{37a8ea9e-302d-4837-9ffb-8e22961a6c0b}</UniqueIdentifier>
    </Filter>
    <Filter Include="src\IO">
      <UniqueIdentifier>{93cb02ec-00a4-4bb3-bbed-c53e8dbbf746}</UniqueIdentifier>
    </Filter>
    <Filter Include="src\Common">
      <UniqueIdentifier>{5b111cde-83c1-4438-a9d0-46970f146d4d}</UniqueIdentifier>
    </Filter>
    <Filter Include="src\Common\IO">
      <UniqueIdentifier>{4578c1ff-53b3-4ba5-8f6c-9a257ef481cb}</UniqueIdentifier>
    </Filter>
    <Filter Include="src\Common\IO\ImageIO">
      <UniqueIdentifier>{42d199f9-093f-465d-a201-88c1b53e3455}</UniqueIdentifier>
    </Filter>
    <Filter Include="src\Common\IO\ImageIO\PNG">
      <UniqueIdentifier>{aa7e85bd-38a8-4584-8270-7b4eec1cbfbd}</UniqueIdentifier>
    </Filter>
    <Filter Include="src\Common\IO\ImageIO\PNG\libpng">
      <UniqueIdentifier>{43250d86-a63a-4067-803a-c4297c472faf}</UniqueIdentifier>
    </Filter>
    <Filter Include="src\Common\IO\ImageIO\PNG\zlib">
      <UniqueIdentifier>{441d3d5e-2c19-4cda-8a3a-8ad20b1483d6}</UniqueIdentifier>
    </Filter>
    <Filter Include="src\Common\IO\FileIO">
      <UniqueIdentifier>{1b9d37ea-a301-4d43-9b51-d229aa4daf04}</UniqueIdentifier>
    </Filter>
    <Filter Include="src\Common\Arrays">
      <UniqueIdentifier>{0840f106-1e9d-4d0a-9b6e-70acb632bc63}</UniqueIdentifier>
    </Filter>
    <Filter Include="src\Common\Geometry">
      <UniqueIdentifier>{1483ba95-2bd7-4a70-a2f2-791f483a7aad}</UniqueIdentifier>
    </Filter>
    <Filter Include="src\GLUtil\BasicShader">
      <UniqueIdentifier>{3e38abd9-fd22-46c0-8b2a-323c12bb26e9}</UniqueIdentifier>
    </Filter>
    <Filter Include="src\GLUtil\ColorShader">
      <UniqueIdentifier>{b5788e42-7390-4666-8211-de18102536e7}</UniqueIdentifier>
    </Filter>
    <Filter Include="src\GLUtil\PBRShader">
      <UniqueIdentifier>{494003bc-a4ad-4411-a46e-ea6692a12216}</UniqueIdentifier>
    </Filter>
    <Filter Include="src\Common\IO\ModelIO">
      <UniqueIdentifier>{a9d4f5f1-f3c3-4012-952c-0bff17848587}</UniqueIdentifier>
    </Filter>
    <Filter Include="src\GLUtil\ShaderProgram">
      <UniqueIdentifier>{2c0508c8-68f3-4c20-a019-009e1cce05a5}</UniqueIdentifier>
    </Filter>
    <Filter Include="src\Common\Utils">
      <UniqueIdentifier>{209c6c40-802d-428c-818d-7a18b6073dd1}</UniqueIdentifier>
    </Filter>
  </ItemGroup>
  <ItemGroup>
    <ClCompile Include="src\Macros.cpp">
      <Filter>src</Filter>
    </ClCompile>
    <ClCompile Include="src\main.cpp">
      <Filter>src</Filter>
    </ClCompile>
    <ClCompile Include="src\GLUtil\GLBuffer.cpp">
      <Filter>src\GLUtil</Filter>
    </ClCompile>
    <ClCompile Include="src\GLUtil\GLFBO.cpp">
      <Filter>src\GLUtil</Filter>
    </ClCompile>
    <ClCompile Include="src\GLUtil\GLMat.cpp">
      <Filter>src\GLUtil</Filter>
    </ClCompile>
    <ClCompile Include="src\GLUtil\GLTexture.cpp">
      <Filter>src\GLUtil</Filter>
    </ClCompile>
    <ClCompile Include="src\GLUtil\GLUtil.cpp">
      <Filter>src\GLUtil</Filter>
    </ClCompile>
    <ClCompile Include="glew\source\glew.c">
      <Filter>src\glew\source</Filter>
    </ClCompile>
    <ClCompile Include="src\Cam.cpp">
      <Filter>src</Filter>
    </ClCompile>
    <ClCompile Include="src\Floor.cpp">
      <Filter>src</Filter>
    </ClCompile>
    <ClCompile Include="src\Input.cpp">
      <Filter>src</Filter>
    </ClCompile>
    <ClCompile Include="src\GameLoop.cpp">
      <Filter>src</Filter>
    </ClCompile>
    <ClCompile Include="src\Shapes3D\Box.cpp">
      <Filter>src\Shapes3D</Filter>
    </ClCompile>
    <ClCompile Include="src\Shapes3D\Cone.cpp">
      <Filter>src\Shapes3D</Filter>
    </ClCompile>
    <ClCompile Include="src\Shapes3D\Cylinder.cpp">
      <Filter>src\Shapes3D</Filter>
    </ClCompile>
    <ClCompile Include="src\Shapes3D\Shape.cpp">
      <Filter>src\Shapes3D</Filter>
    </ClCompile>
    <ClCompile Include="src\Shapes3D\Sphere.cpp">
      <Filter>src\Shapes3D</Filter>
    </ClCompile>
    <ClCompile Include="src\Util\RandomColor.cpp">
      <Filter>src\Util</Filter>
    </ClCompile>
    <ClCompile Include="src\Shapes2D\Triangle.cpp">
      <Filter>src\Shapes2D</Filter>
    </ClCompile>
    <ClCompile Include="src\GLUtil\PhongShader\PhongShader.cpp">
      <Filter>src\GLUtil\PhongShader</Filter>
    </ClCompile>
    <ClCompile Include="src\IO\ParticleLoader.cpp">
      <Filter>src\IO</Filter>
    </ClCompile>
    <ClCompile Include="src\Cam2D.cpp">
      <Filter>src</Filter>
    </ClCompile>
    <ClCompile Include="src\GLUtil\GLMemory.cpp">
      <Filter>src\GLUtil</Filter>
    </ClCompile>
    <ClCompile Include="src\GLUtil\GLSSAO.cpp">
      <Filter>src\GLUtil</Filter>
    </ClCompile>
    <ClCompile Include="src\Common\IO\ImageIO\PNG\PNGReadWrite.cpp">
      <Filter>src\Common\IO\ImageIO\PNG</Filter>
    </ClCompile>
    <ClCompile Include="src\Common\IO\ImageIO\PNG\libpng\png.c">
      <Filter>src\Common\IO\ImageIO\PNG\libpng</Filter>
    </ClCompile>
    <ClCompile Include="src\Common\IO\ImageIO\PNG\libpng\pngerror.c">
      <Filter>src\Common\IO\ImageIO\PNG\libpng</Filter>
    </ClCompile>
    <ClCompile Include="src\Common\IO\ImageIO\PNG\libpng\pngget.c">
      <Filter>src\Common\IO\ImageIO\PNG\libpng</Filter>
    </ClCompile>
    <ClCompile Include="src\Common\IO\ImageIO\PNG\libpng\pngmem.c">
      <Filter>src\Common\IO\ImageIO\PNG\libpng</Filter>
    </ClCompile>
    <ClCompile Include="src\Common\IO\ImageIO\PNG\libpng\pngpread.c">
      <Filter>src\Common\IO\ImageIO\PNG\libpng</Filter>
    </ClCompile>
    <ClCompile Include="src\Common\IO\ImageIO\PNG\libpng\pngread.c">
      <Filter>src\Common\IO\ImageIO\PNG\libpng</Filter>
    </ClCompile>
    <ClCompile Include="src\Common\IO\ImageIO\PNG\libpng\pngrio.c">
      <Filter>src\Common\IO\ImageIO\PNG\libpng</Filter>
    </ClCompile>
    <ClCompile Include="src\Common\IO\ImageIO\PNG\libpng\pngrtran.c">
      <Filter>src\Common\IO\ImageIO\PNG\libpng</Filter>
    </ClCompile>
    <ClCompile Include="src\Common\IO\ImageIO\PNG\libpng\pngrutil.c">
      <Filter>src\Common\IO\ImageIO\PNG\libpng</Filter>
    </ClCompile>
    <ClCompile Include="src\Common\IO\ImageIO\PNG\libpng\pngset.c">
      <Filter>src\Common\IO\ImageIO\PNG\libpng</Filter>
    </ClCompile>
    <ClCompile Include="src\Common\IO\ImageIO\PNG\libpng\pngtest.c">
      <Filter>src\Common\IO\ImageIO\PNG\libpng</Filter>
    </ClCompile>
    <ClCompile Include="src\Common\IO\ImageIO\PNG\libpng\pngtrans.c">
      <Filter>src\Common\IO\ImageIO\PNG\libpng</Filter>
    </ClCompile>
    <ClCompile Include="src\Common\IO\ImageIO\PNG\libpng\pngwio.c">
      <Filter>src\Common\IO\ImageIO\PNG\libpng</Filter>
    </ClCompile>
    <ClCompile Include="src\Common\IO\ImageIO\PNG\libpng\pngwrite.c">
      <Filter>src\Common\IO\ImageIO\PNG\libpng</Filter>
    </ClCompile>
    <ClCompile Include="src\Common\IO\ImageIO\PNG\libpng\pngwtran.c">
      <Filter>src\Common\IO\ImageIO\PNG\libpng</Filter>
    </ClCompile>
    <ClCompile Include="src\Common\IO\ImageIO\PNG\libpng\pngwutil.c">
      <Filter>src\Common\IO\ImageIO\PNG\libpng</Filter>
    </ClCompile>
    <ClCompile Include="src\Common\IO\ImageIO\PNG\zlib\adler32.c">
      <Filter>src\Common\IO\ImageIO\PNG\zlib</Filter>
    </ClCompile>
    <ClCompile Include="src\Common\IO\ImageIO\PNG\zlib\compress.c">
      <Filter>src\Common\IO\ImageIO\PNG\zlib</Filter>
    </ClCompile>
    <ClCompile Include="src\Common\IO\ImageIO\PNG\zlib\crc32.c">
      <Filter>src\Common\IO\ImageIO\PNG\zlib</Filter>
    </ClCompile>
    <ClCompile Include="src\Common\IO\ImageIO\PNG\zlib\deflate.c">
      <Filter>src\Common\IO\ImageIO\PNG\zlib</Filter>
    </ClCompile>
    <ClCompile Include="src\Common\IO\ImageIO\PNG\zlib\gzclose.c">
      <Filter>src\Common\IO\ImageIO\PNG\zlib</Filter>
    </ClCompile>
    <ClCompile Include="src\Common\IO\ImageIO\PNG\zlib\gzlib.c">
      <Filter>src\Common\IO\ImageIO\PNG\zlib</Filter>
    </ClCompile>
    <ClCompile Include="src\Common\IO\ImageIO\PNG\zlib\gzread.c">
      <Filter>src\Common\IO\ImageIO\PNG\zlib</Filter>
    </ClCompile>
    <ClCompile Include="src\Common\IO\ImageIO\PNG\zlib\gzwrite.c">
      <Filter>src\Common\IO\ImageIO\PNG\zlib</Filter>
    </ClCompile>
    <ClCompile Include="src\Common\IO\ImageIO\PNG\zlib\infback.c">
      <Filter>src\Common\IO\ImageIO\PNG\zlib</Filter>
    </ClCompile>
    <ClCompile Include="src\Common\IO\ImageIO\PNG\zlib\inffast.c">
      <Filter>src\Common\IO\ImageIO\PNG\zlib</Filter>
    </ClCompile>
    <ClCompile Include="src\Common\IO\ImageIO\PNG\zlib\inflate.c">
      <Filter>src\Common\IO\ImageIO\PNG\zlib</Filter>
    </ClCompile>
    <ClCompile Include="src\Common\IO\ImageIO\PNG\zlib\inftrees.c">
      <Filter>src\Common\IO\ImageIO\PNG\zlib</Filter>
    </ClCompile>
    <ClCompile Include="src\Common\IO\ImageIO\PNG\zlib\minigzip.c">
      <Filter>src\Common\IO\ImageIO\PNG\zlib</Filter>
    </ClCompile>
    <ClCompile Include="src\Common\IO\ImageIO\PNG\zlib\trees.c">
      <Filter>src\Common\IO\ImageIO\PNG\zlib</Filter>
    </ClCompile>
    <ClCompile Include="src\Common\IO\ImageIO\PNG\zlib\uncompr.c">
      <Filter>src\Common\IO\ImageIO\PNG\zlib</Filter>
    </ClCompile>
    <ClCompile Include="src\Common\IO\ImageIO\PNG\zlib\zutil.c">
      <Filter>src\Common\IO\ImageIO\PNG\zlib</Filter>
    </ClCompile>
    <ClCompile Include="src\Common\IO\FileIO\FileReader.cpp">
      <Filter>src\Common\IO\FileIO</Filter>
    </ClCompile>
    <ClCompile Include="src\Common\Arrays\FloatArray.cpp">
      <Filter>src\Common\Arrays</Filter>
    </ClCompile>
    <ClCompile Include="src\Common\Arrays\UIntArray.cpp">
      <Filter>src\Common\Arrays</Filter>
    </ClCompile>
    <ClCompile Include="src\Common\Arrays\ULongArray.cpp">
      <Filter>src\Common\Arrays</Filter>
    </ClCompile>
    <ClCompile Include="src\Common\Arrays\VoidPtrArray.cpp">
      <Filter>src\Common\Arrays</Filter>
    </ClCompile>
    <ClCompile Include="src\Common\Geometry\Line2D.cpp">
      <Filter>src\Common\Geometry</Filter>
    </ClCompile>
    <ClCompile Include="src\Common\Geometry\Triangle2D.cpp">
      <Filter>src\Common\Geometry</Filter>
    </ClCompile>
    <ClCompile Include="src\Common\ImageBuffer.cpp">
      <Filter>src\Common</Filter>
    </ClCompile>
    <ClCompile Include="src\GLUtil\BasicShader\BasicShader.cpp">
      <Filter>src\GLUtil\BasicShader</Filter>
    </ClCompile>
    <ClCompile Include="src\GLUtil\ColorShader\ColorShader.cpp">
      <Filter>src\GLUtil\ColorShader</Filter>
    </ClCompile>
    <ClCompile Include="src\GLUtil\PBRShader\PBRShader.cpp">
      <Filter>src\GLUtil\PBRShader</Filter>
    </ClCompile>
    <ClCompile Include="src\GLUtil\GLMeshBuilder.cpp">
      <Filter>src\GLUtil</Filter>
    </ClCompile>
    <ClCompile Include="src\Common\IO\ModelIO\BinaryObjReader.cpp">
      <Filter>src\Common\IO\ModelIO</Filter>
    </ClCompile>
    <ClCompile Include="src\Common\IO\ModelIO\ObjReader.cpp">
      <Filter>src\Common\IO\ModelIO</Filter>
    </ClCompile>
    <ClCompile Include="src\GLUtil\GLMeshRenderer.cpp">
      <Filter>src\GLUtil</Filter>
    </ClCompile>
    <ClCompile Include="src\Math\BufferTransformUtils.cpp">
      <Filter>src\Math</Filter>
    </ClCompile>
    <ClCompile Include="src\GLUtil\ShaderProgram\ShaderProgram.cpp">
      <Filter>src\GLUtil\ShaderProgram</Filter>
    </ClCompile>
    <ClCompile Include="src\GLUtil\ShaderProgram\ShadersManager.cpp">
      <Filter>src\GLUtil\ShaderProgram</Filter>
    </ClCompile>
    <ClCompile Include="src\GLUtil\GLState.cpp">
      <Filter>src\GLUtil</Filter>
    </ClCompile>
    <ClCompile Include="src\Common\Utils\ScanLineUtils.cpp">
      <Filter>src\Common\Utils</Filter>
    </ClCompile>
    <ClCompile Include="src\Common\Utils\StringUtils.cpp">
      <Filter>src\Common\Utils</Filter>
    </ClCompile>
  </ItemGroup>
  <ItemGroup>
    <ClInclude Include="src\Macros.h">
      <Filter>src</Filter>
    </ClInclude>
    <ClInclude Include="src\GLUtil\GLBuffer.h">
      <Filter>src\GLUtil</Filter>
    </ClInclude>
    <ClInclude Include="src\GLUtil\GLFBO.h">
      <Filter>src\GLUtil</Filter>
    </ClInclude>
    <ClInclude Include="src\GLUtil\GLMat.h">
      <Filter>src\GLUtil</Filter>
    </ClInclude>
    <ClInclude Include="src\GLUtil\GLTexture.h">
      <Filter>src\GLUtil</Filter>
    </ClInclude>
    <ClInclude Include="src\GLUtil\GLUtil.h">
      <Filter>src\GLUtil</Filter>
    </ClInclude>
    <ClInclude Include="glew\include\GL\glew.h">
      <Filter>src\glew\include</Filter>
    </ClInclude>
    <ClInclude Include="glew\include\GL\glxew.h">
      <Filter>src\glew\include</Filter>
    </ClInclude>
    <ClInclude Include="glew\include\GL\wglew.h">
      <Filter>src\glew\include</Filter>
    </ClInclude>
    <ClInclude Include="src\Cam.h">
      <Filter>src</Filter>
    </ClInclude>
    <ClInclude Include="src\Floor.h">
      <Filter>src</Filter>
    </ClInclude>
    <ClInclude Include="src\Input.h">
      <Filter>src</Filter>
    </ClInclude>
    <ClInclude Include="src\GameLoop.h">
      <Filter>src</Filter>
    </ClInclude>
    <ClInclude Include="src\Shapes3D\Box.h">
      <Filter>src\Shapes3D</Filter>
    </ClInclude>
    <ClInclude Include="src\Shapes3D\Cone.h">
      <Filter>src\Shapes3D</Filter>
    </ClInclude>
    <ClInclude Include="src\Shapes3D\Cylinder.h">
      <Filter>src\Shapes3D</Filter>
    </ClInclude>
    <ClInclude Include="src\Shapes3D\Shape.h">
      <Filter>src\Shapes3D</Filter>
    </ClInclude>
    <ClInclude Include="src\Shapes3D\Sphere.h">
      <Filter>src\Shapes3D</Filter>
    </ClInclude>
    <ClInclude Include="src\Util\RandomColor.h">
      <Filter>src\Util</Filter>
    </ClInclude>
    <ClInclude Include="src\Shapes2D\Triangle.h">
      <Filter>src\Shapes2D</Filter>
    </ClInclude>
    <ClInclude Include="src\GLUtil\PhongShader\PhongShader.h">
      <Filter>src\GLUtil\PhongShader</Filter>
    </ClInclude>
    <ClInclude Include="src\IO\ParticleLoader.h">
      <Filter>src\IO</Filter>
    </ClInclude>
    <ClInclude Include="src\Cam2D.h">
      <Filter>src</Filter>
    </ClInclude>
    <ClInclude Include="src\GLUtil\GLMemory.h">
      <Filter>src\GLUtil</Filter>
    </ClInclude>
    <ClInclude Include="src\GLUtil\GLSSAO.h">
      <Filter>src\GLUtil</Filter>
    </ClInclude>
    <ClInclude Include="src\Common\IO\ImageIO\PNG\PNGReadWrite.h">
      <Filter>src\Common\IO\ImageIO\PNG</Filter>
    </ClInclude>
    <ClInclude Include="src\Common\IO\ImageIO\PNG\libpng\png.h">
      <Filter>src\Common\IO\ImageIO\PNG\libpng</Filter>
    </ClInclude>
    <ClInclude Include="src\Common\IO\ImageIO\PNG\libpng\pngconf.h">
      <Filter>src\Common\IO\ImageIO\PNG\libpng</Filter>
    </ClInclude>
    <ClInclude Include="src\Common\IO\ImageIO\PNG\libpng\pngpriv.h">
      <Filter>src\Common\IO\ImageIO\PNG\libpng</Filter>
    </ClInclude>
    <ClInclude Include="src\Common\IO\ImageIO\PNG\zlib\crc32.h">
      <Filter>src\Common\IO\ImageIO\PNG\zlib</Filter>
    </ClInclude>
    <ClInclude Include="src\Common\IO\ImageIO\PNG\zlib\deflate.h">
      <Filter>src\Common\IO\ImageIO\PNG\zlib</Filter>
    </ClInclude>
    <ClInclude Include="src\Common\IO\ImageIO\PNG\zlib\gzguts.h">
      <Filter>src\Common\IO\ImageIO\PNG\zlib</Filter>
    </ClInclude>
    <ClInclude Include="src\Common\IO\ImageIO\PNG\zlib\inffast.h">
      <Filter>src\Common\IO\ImageIO\PNG\zlib</Filter>
    </ClInclude>
    <ClInclude Include="src\Common\IO\ImageIO\PNG\zlib\inffixed.h">
      <Filter>src\Common\IO\ImageIO\PNG\zlib</Filter>
    </ClInclude>
    <ClInclude Include="src\Common\IO\ImageIO\PNG\zlib\inflate.h">
      <Filter>src\Common\IO\ImageIO\PNG\zlib</Filter>
    </ClInclude>
    <ClInclude Include="src\Common\IO\ImageIO\PNG\zlib\inftrees.h">
      <Filter>src\Common\IO\ImageIO\PNG\zlib</Filter>
    </ClInclude>
    <ClInclude Include="src\Common\IO\ImageIO\PNG\zlib\trees.h">
      <Filter>src\Common\IO\ImageIO\PNG\zlib</Filter>
    </ClInclude>
    <ClInclude Include="src\Common\IO\ImageIO\PNG\zlib\zconf.h">
      <Filter>src\Common\IO\ImageIO\PNG\zlib</Filter>
    </ClInclude>
    <ClInclude Include="src\Common\IO\ImageIO\PNG\zlib\zlib.h">
      <Filter>src\Common\IO\ImageIO\PNG\zlib</Filter>
    </ClInclude>
    <ClInclude Include="src\Common\IO\ImageIO\PNG\zlib\zutil.h">
      <Filter>src\Common\IO\ImageIO\PNG\zlib</Filter>
    </ClInclude>
    <ClInclude Include="src\Common\IO\FileIO\FileReader.h">
      <Filter>src\Common\IO\FileIO</Filter>
    </ClInclude>
    <ClInclude Include="src\Common\Arrays\FloatArray.h">
      <Filter>src\Common\Arrays</Filter>
    </ClInclude>
    <ClInclude Include="src\Common\Arrays\UIntArray.h">
      <Filter>src\Common\Arrays</Filter>
    </ClInclude>
    <ClInclude Include="src\Common\Arrays\ULongArray.h">
      <Filter>src\Common\Arrays</Filter>
    </ClInclude>
    <ClInclude Include="src\Common\Arrays\VoidPtrArray.h">
      <Filter>src\Common\Arrays</Filter>
    </ClInclude>
    <ClInclude Include="src\Common\Geometry\Line2D.h">
      <Filter>src\Common\Geometry</Filter>
    </ClInclude>
    <ClInclude Include="src\Common\Geometry\Triangle2D.h">
      <Filter>src\Common\Geometry</Filter>
    </ClInclude>
    <ClInclude Include="src\Common\ImageBuffer.h">
      <Filter>src\Common</Filter>
    </ClInclude>
    <ClInclude Include="src\GLUtil\BasicShader\BasicShader.h">
      <Filter>src\GLUtil\BasicShader</Filter>
    </ClInclude>
    <ClInclude Include="src\GLUtil\ColorShader\ColorShader.h">
      <Filter>src\GLUtil\ColorShader</Filter>
    </ClInclude>
    <ClInclude Include="src\GLUtil\PBRShader\PBRShader.h">
      <Filter>src\GLUtil\PBRShader</Filter>
    </ClInclude>
    <ClInclude Include="src\GLUtil\GLMeshBuilder.h">
      <Filter>src\GLUtil</Filter>
    </ClInclude>
    <ClInclude Include="src\Common\IO\ModelIO\BinaryObjReader.h">
      <Filter>src\Common\IO\ModelIO</Filter>
    </ClInclude>
    <ClInclude Include="src\Common\IO\ModelIO\ObjReader.h">
      <Filter>src\Common\IO\ModelIO</Filter>
    </ClInclude>
    <ClInclude Include="src\GLUtil\GLMeshRenderer.h">
      <Filter>src\GLUtil</Filter>
    </ClInclude>
    <ClInclude Include="src\Math\BufferTransformUtils.h">
      <Filter>src\Math</Filter>
    </ClInclude>
    <ClInclude Include="src\GLUtil\ShaderProgram\ShaderProgram.h">
      <Filter>src\GLUtil\ShaderProgram</Filter>
    </ClInclude>
    <ClInclude Include="src\GLUtil\ShaderProgram\ShadersManager.h">
      <Filter>src\GLUtil\ShaderProgram</Filter>
    </ClInclude>
    <ClInclude Include="src\GLUtil\GLState.h">
      <Filter>src\GLUtil</Filter>
    </ClInclude>
    <ClInclude Include="src\Common\Utils\ScanLineUtils.h">
      <Filter>src\Common\Utils</Filter>
    </ClInclude>
    <ClInclude Include="src\Common\Utils\StringUtils.h">
      <Filter>src\Common\Utils</Filter>
    </ClInclude>
  </ItemGroup>
</Project>